{
    "name": "nearforce-website",
    "version": "0.1.0",
    "lockfileVersion": 3,
    "requires": true,
    "packages": {
      "": {
        "name": "nearforce-website",
        "version": "0.1.0",
        "dependencies": {
          "@radix-ui/react-slot": "1.0.2",
          "class-variance-authority": "0.7.0",
          "clsx": "2.1.0",
          "framer-motion": "11.0.3",
          "lucide-react": "0.263.1",
          "next": "14.1.0",
          "react": "18.2.0",
          "react-dom": "18.2.0",
          "tailwind-merge": "2.2.1",
          "tailwindcss-animate": "1.0.7"
        },
        "devDependencies": {
          "@types/node": "20.11.0",
          "@types/react": "18.2.48",
          "@types/react-dom": "18.2.18",
          "autoprefixer": "10.4.17",
          "eslint": "8.56.0",
          "eslint-config-next": "14.1.0",
          "postcss": "8.4.33",
          "tailwindcss": "3.4.1",
          "typescript": "5.3.3"
        }
      },
      "node_modules/@radix-ui/react-slot": {
        "version": "1.0.2",
        "resolved": "https://registry.npmjs.org/@radix-ui/react-slot/-/react-slot-1.0.2.tgz",
        "integrity": "sha512-YPp8cxq1P0mQJiL3AGR0FQyN4+FMg2/J8VQ7SBn4YpyP42iF1faWZK7yEXo8i0m08vAkH7jvj7NCrGXA9t6dw==",
        "dependencies": {
          "@babel/runtime": "^7.13.10"
        }
      }
    }
  }